DEPENDENCIES
  image_rails
    path: .
    metadata: true
  locale
    git: https://github.com/hw-cookbooks/locale.git
    revision: aa46ee2b7f810378a99f3244b48c51e2c814a43f

GRAPH
  apt (2.4.0)
  image_rails (0.1.0)
    apt (>= 0.0.0)
    locale (>= 0.0.0)
    magic_shell (>= 0.0.0)
    ruby_build (>= 0.0.0)
    timezone-ii (>= 0.0.0)
  locale (1.0.1)
  magic_shell (1.0.0)
  ruby_build (0.8.0)
  timezone-ii (0.2.0)
