DEPENDENCIES
  image_rails
    path: .
    metadata: true
  locale
    git: https://github.com/hw-cookbooks/locale.git
    revision: aa46ee2b7f810378a99f3244b48c51e2c814a43f
  magic_shell
    git: https://github.com/customink-webops/magic_shell.git
    revision: 5d643032a0e0b6b1e0449efb4e2856922aa1bf45

GRAPH
  apt (2.4.0)
  bluepill (2.3.1)
    rsyslog (>= 0.0.0)
  build-essential (2.0.2)
  image_rails (0.1.0)
    apt (>= 0.0.0)
    locale (>= 0.0.0)
    magic_shell (>= 0.0.0)
    nginx (>= 0.0.0)
    ruby_build (>= 0.0.0)
    ssh-keys (>= 0.0.0)
    timezone-ii (>= 0.0.0)
  locale (1.0.1)
  magic_shell (1.0.1)
  nginx (2.7.2)
    apt (~> 2.2)
    bluepill (~> 2.3)
    build-essential (~> 2.0)
    ohai (~> 2.0)
    runit (~> 1.2)
    yum-epel (~> 0.3)
  ohai (2.0.0)
  rsyslog (1.12.2)
  ruby_build (0.8.0)
  runit (1.5.10)
    build-essential (>= 0.0.0)
    yum (~> 3.0)
    yum-epel (>= 0.0.0)
  ssh-keys (1.0.0)
  timezone-ii (0.2.0)
  yum (3.2.0)
  yum-epel (0.3.6)
    yum (~> 3.0)
